
Microsoft Visual Studio Solution File, Format Version 12.00
# Visual Studio 15
VisualStudioVersion = 15.0.27004.2005
MinimumVisualStudioVersion = 10.0.40219.1
Project("{8BC9CEB8-8B4A-11D0-8D11-00A0C91BC942}") = "gl3w", "3rdparty\gl3w\gl3w.vcxproj", "{E23AC19A-6A24-4EE6-B843-99001B2568F0}"
EndProject
Project("{8BC9CEB8-8B4A-11D0-8D11-00A0C91BC942}") = "SDL2", "3rdparty\SDL\VisualC\SDL\SDL_VS2015.vcxproj", "{81CE8DAF-EBB2-4761-8E45-B71ABCCA8C68}"
EndProject
Project("{8BC9CEB8-8B4A-11D0-8D11-00A0C91BC942}") = "SDL2main", "3rdparty\SDL\VisualC\SDLmain\SDLmain_VS2015.vcxproj", "{DA956FD3-E142-46F2-9DD5-C78BEBB56B7A}"
EndProject
Project("{2150E333-8FDC-42A3-9474-1A3956D46DE8}") = "Samples", "Samples", "{52A3D16B-ED61-40D4-8804-C241B45F0B10}"
EndProject
Project("{8BC9CEB8-8B4A-11D0-8D11-00A0C91BC942}") = "Minimal", "samples\Minimal\Project\Minimal.vcxproj", "{7A44F0BC-017A-4954-AC15-4B357471983C}"
	ProjectSection(ProjectDependencies) = postProject
		{F3F25B49-2C6B-4FF0-98FB-47695DF70B8A} = {F3F25B49-2C6B-4FF0-98FB-47695DF70B8A}
	EndProjectSection
EndProject
Project("{8BC9CEB8-8B4A-11D0-8D11-00A0C91BC942}") = "Testing", "samples\Testing\Project\Testing.vcxproj", "{615FF2A0-5F99-4B6A-B3DE-2D52C773A9A9}"
	ProjectSection(ProjectDependencies) = postProject
		{F3F25B49-2C6B-4FF0-98FB-47695DF70B8A} = {F3F25B49-2C6B-4FF0-98FB-47695DF70B8A}
	EndProjectSection
EndProject
Project("{8BC9CEB8-8B4A-11D0-8D11-00A0C91BC942}") = "SceneGraph", "samples\SceneGraph\Project\SceneGraph.vcxproj", "{3A838EE6-19C4-4687-B7E4-06D574F4A7E8}"
	ProjectSection(ProjectDependencies) = postProject
		{F3F25B49-2C6B-4FF0-98FB-47695DF70B8A} = {F3F25B49-2C6B-4FF0-98FB-47695DF70B8A}
	EndProjectSection
EndProject
Project("{8BC9CEB8-8B4A-11D0-8D11-00A0C91BC942}") = "FullScreen", "samples\FullScreen\Project\FullScreen.vcxproj", "{10FC59C2-4E33-4135-A93B-6F89122293ED}"
	ProjectSection(ProjectDependencies) = postProject
		{F3F25B49-2C6B-4FF0-98FB-47695DF70B8A} = {F3F25B49-2C6B-4FF0-98FB-47695DF70B8A}
	EndProjectSection
EndProject
Project("{8BC9CEB8-8B4A-11D0-8D11-00A0C91BC942}") = "DrawText", "samples\DrawText\Project\DrawText.vcxproj", "{8606C81C-4646-4FFF-9B83-20E7F75AE85F}"
	ProjectSection(ProjectDependencies) = postProject
		{F3F25B49-2C6B-4FF0-98FB-47695DF70B8A} = {F3F25B49-2C6B-4FF0-98FB-47695DF70B8A}
	EndProjectSection
EndProject
Project("{8BC9CEB8-8B4A-11D0-8D11-00A0C91BC942}") = "TextureAtlas", "samples\TextureAtlas\Project\TextureAtlas.vcxproj", "{F1C5574E-6A8C-42FB-BBF0-6AAB04230C42}"
	ProjectSection(ProjectDependencies) = postProject
		{F3F25B49-2C6B-4FF0-98FB-47695DF70B8A} = {F3F25B49-2C6B-4FF0-98FB-47695DF70B8A}
	EndProjectSection
EndProject
Project("{8BC9CEB8-8B4A-11D0-8D11-00A0C91BC942}") = "Gui", "samples\Gui\Project\Gui.vcxproj", "{46B706DD-17FB-4457-92E7-2DDA1878FC9A}"
	ProjectSection(ProjectDependencies) = postProject
		{F3F25B49-2C6B-4FF0-98FB-47695DF70B8A} = {F3F25B49-2C6B-4FF0-98FB-47695DF70B8A}
	EndProjectSection
EndProject
Project("{8BC9CEB8-8B4A-11D0-8D11-00A0C91BC942}") = "Shaders", "samples\Shaders\Project\Shaders.vcxproj", "{CA716EDE-0239-4856-B247-8236B85635FA}"
	ProjectSection(ProjectDependencies) = postProject
		{F3F25B49-2C6B-4FF0-98FB-47695DF70B8A} = {F3F25B49-2C6B-4FF0-98FB-47695DF70B8A}
	EndProjectSection
EndProject
Project("{8BC9CEB8-8B4A-11D0-8D11-00A0C91BC942}") = "Keybinds", "samples\Keybinds\Project\Keybinds.vcxproj", "{732EE2F1-689C-43BB-B0A7-17F44AE5E056}"
	ProjectSection(ProjectDependencies) = postProject
		{F3F25B49-2C6B-4FF0-98FB-47695DF70B8A} = {F3F25B49-2C6B-4FF0-98FB-47695DF70B8A}
	EndProjectSection
EndProject
Project("{8BC9CEB8-8B4A-11D0-8D11-00A0C91BC942}") = "RandomNoiseGPU", "samples\RandomNoiseGPU\Project\RandomNoiseGPU.vcxproj", "{7F4BAC8A-5B6C-4120-B1B4-8772C5022352}"
	ProjectSection(ProjectDependencies) = postProject
		{F3F25B49-2C6B-4FF0-98FB-47695DF70B8A} = {F3F25B49-2C6B-4FF0-98FB-47695DF70B8A}
	EndProjectSection
EndProject
Project("{8BC9CEB8-8B4A-11D0-8D11-00A0C91BC942}") = "ShadowCasting", "samples\ShadowCasting\Project\ShadowCasting.vcxproj", "{92849309-7AA6-401E-8288-7FAFABA3C929}"
	ProjectSection(ProjectDependencies) = postProject
		{F3F25B49-2C6B-4FF0-98FB-47695DF70B8A} = {F3F25B49-2C6B-4FF0-98FB-47695DF70B8A}
	EndProjectSection
EndProject
Project("{8BC9CEB8-8B4A-11D0-8D11-00A0C91BC942}") = "GameController", "samples\GameController\Project\GameController.vcxproj", "{61BA0901-09CC-45C4-B009-983765A2D28C}"
	ProjectSection(ProjectDependencies) = postProject
		{F3F25B49-2C6B-4FF0-98FB-47695DF70B8A} = {F3F25B49-2C6B-4FF0-98FB-47695DF70B8A}
	EndProjectSection
EndProject
Project("{8BC9CEB8-8B4A-11D0-8D11-00A0C91BC942}") = "PhysicsEngine", "samples\PhysicsEngine\Project\PhysicsEngine.vcxproj", "{7D9E7473-F52F-4E9A-A480-ED498907C9EA}"
	ProjectSection(ProjectDependencies) = postProject
		{F3F25B49-2C6B-4FF0-98FB-47695DF70B8A} = {F3F25B49-2C6B-4FF0-98FB-47695DF70B8A}
	EndProjectSection
EndProject
Project("{8BC9CEB8-8B4A-11D0-8D11-00A0C91BC942}") = "Simple3D", "samples\Simple3D\Project\Simple3D.vcxproj", "{EF9168DD-5051-4B1C-9C6E-F3B386669C34}"
	ProjectSection(ProjectDependencies) = postProject
		{F3F25B49-2C6B-4FF0-98FB-47695DF70B8A} = {F3F25B49-2C6B-4FF0-98FB-47695DF70B8A}
	EndProjectSection
EndProject
Project("{8BC9CEB8-8B4A-11D0-8D11-00A0C91BC942}") = "BlinnPhong", "samples\BlinnPhong\Project\BlinnPhong.vcxproj", "{8988EB2B-08BE-4350-9F41-55B091D271B9}"
	ProjectSection(ProjectDependencies) = postProject
		{F3F25B49-2C6B-4FF0-98FB-47695DF70B8A} = {F3F25B49-2C6B-4FF0-98FB-47695DF70B8A}
	EndProjectSection
EndProject
Project("{8BC9CEB8-8B4A-11D0-8D11-00A0C91BC942}") = "RenderTargets", "samples\RenderTargets\Project\RenderTargets.vcxproj", "{D2E341F7-C9C3-48D9-A6FA-72D51DF9DD2F}"
	ProjectSection(ProjectDependencies) = postProject
		{F3F25B49-2C6B-4FF0-98FB-47695DF70B8A} = {F3F25B49-2C6B-4FF0-98FB-47695DF70B8A}
	EndProjectSection
EndProject
Project("{8BC9CEB8-8B4A-11D0-8D11-00A0C91BC942}") = "Sauce3D", "projects\msvc15\Sauce3D.vcxproj", "{F3F25B49-2C6B-4FF0-98FB-47695DF70B8A}"
	ProjectSection(ProjectDependencies) = postProject
		{E23AC19A-6A24-4EE6-B843-99001B2568F0} = {E23AC19A-6A24-4EE6-B843-99001B2568F0}
		{81CE8DAF-EBB2-4761-8E45-B71ABCCA8C68} = {81CE8DAF-EBB2-4761-8E45-B71ABCCA8C68}
		{B39ED2B3-D53A-4077-B957-930979A3577D} = {B39ED2B3-D53A-4077-B957-930979A3577D}
		{DA956FD3-E142-46F2-9DD5-C78BEBB56B7A} = {DA956FD3-E142-46F2-9DD5-C78BEBB56B7A}
	EndProjectSection
EndProject
Project("{2150E333-8FDC-42A3-9474-1A3956D46DE8}") = "FreeImage", "FreeImage", "{8460DEA2-6B48-478B-922A-FD47BCDAF5EA}"
EndProject
Project("{8BC9CEB8-8B4A-11D0-8D11-00A0C91BC942}") = "FreeImage", "3rdparty\FreeImage\FreeImage.2017.vcxproj", "{B39ED2B3-D53A-4077-B957-930979A3577D}"
EndProject
Project("{8BC9CEB8-8B4A-11D0-8D11-00A0C91BC942}") = "LibJPEG", "3rdparty\FreeImage\Source\LibJPEG\LibJPEG.2017.vcxproj", "{5E1D4E5F-E10C-4BA3-B663-F33014FD21D9}"
EndProject
Project("{8BC9CEB8-8B4A-11D0-8D11-00A0C91BC942}") = "FreeImageLib", "3rdparty\FreeImage\Source\FreeImageLib\FreeImageLib.2017.vcxproj", "{9E219DF2-315D-478E-8A07-8960C377CE1E}"
EndProject
Project("{8BC9CEB8-8B4A-11D0-8D11-00A0C91BC942}") = "LibJXR", "3rdparty\FreeImage\Source\LibJXR\LibJXR.2017.vcxproj", "{244455E0-5F25-4451-9540-F317883E52A8}"
EndProject
Project("{8BC9CEB8-8B4A-11D0-8D11-00A0C91BC942}") = "LibOpenJPEG", "3rdparty\FreeImage\Source\LibOpenJPEG\LibOpenJPEG.2017.vcxproj", "{E3536C28-A7F1-4B53-8E52-7D2232F9E098}"
EndProject
Project("{8BC9CEB8-8B4A-11D0-8D11-00A0C91BC942}") = "LibPNG", "3rdparty\FreeImage\Source\LibPNG\LibPNG.2017.vcxproj", "{7DB10B50-CE00-4D7A-B322-6824F05D2FCB}"
EndProject
Project("{8BC9CEB8-8B4A-11D0-8D11-00A0C91BC942}") = "LibRaw", "3rdparty\FreeImage\Source\LibRawLite\LibRawLite.2017.vcxproj", "{07F662C1-1323-42AB-B6AF-FBFD34A7437A}"
EndProject
Project("{8BC9CEB8-8B4A-11D0-8D11-00A0C91BC942}") = "LibTIFF4", "3rdparty\FreeImage\Source\LibTIFF4\LibTIFF4.2017.vcxproj", "{EC085CBD-E9C3-477F-9A97-CB9D5DA30E27}"
EndProject
Project("{8BC9CEB8-8B4A-11D0-8D11-00A0C91BC942}") = "LibWebP", "3rdparty\FreeImage\Source\LibWebP\LibWebP.2017.vcxproj", "{097D9F6C-FD0E-4CBC-9676-009012AAECA8}"
EndProject
Project("{8BC9CEB8-8B4A-11D0-8D11-00A0C91BC942}") = "OpenEXR", "3rdparty\FreeImage\Source\OpenEXR\OpenEXR.2017.vcxproj", "{17A4874B-0606-4687-90B6-F91F8CB3B8AF}"
EndProject
Project("{8BC9CEB8-8B4A-11D0-8D11-00A0C91BC942}") = "ZLib", "3rdparty\FreeImage\Source\ZLib\ZLib.2017.vcxproj", "{33134F61-C1AD-4B6F-9CEA-503A9F140C52}"
EndProject
Global
	GlobalSection(SolutionConfigurationPlatforms) = preSolution
		Debug|x64 = Debug|x64
		Debug|x86 = Debug|x86
		Release|x64 = Release|x64
		Release|x86 = Release|x86
	EndGlobalSection
	GlobalSection(ProjectConfigurationPlatforms) = postSolution
		{E23AC19A-6A24-4EE6-B843-99001B2568F0}.Debug|x64.ActiveCfg = Debug|x64
		{E23AC19A-6A24-4EE6-B843-99001B2568F0}.Debug|x64.Build.0 = Debug|x64
		{E23AC19A-6A24-4EE6-B843-99001B2568F0}.Debug|x86.ActiveCfg = Debug|Win32
		{E23AC19A-6A24-4EE6-B843-99001B2568F0}.Debug|x86.Build.0 = Debug|Win32
		{E23AC19A-6A24-4EE6-B843-99001B2568F0}.Release|x64.ActiveCfg = Release|Win32
		{E23AC19A-6A24-4EE6-B843-99001B2568F0}.Release|x86.ActiveCfg = Release|Win32
		{E23AC19A-6A24-4EE6-B843-99001B2568F0}.Release|x86.Build.0 = Release|Win32
		{81CE8DAF-EBB2-4761-8E45-B71ABCCA8C68}.Debug|x64.ActiveCfg = Debug|x64
		{81CE8DAF-EBB2-4761-8E45-B71ABCCA8C68}.Debug|x64.Build.0 = Debug|x64
		{81CE8DAF-EBB2-4761-8E45-B71ABCCA8C68}.Debug|x86.ActiveCfg = Debug|Win32
		{81CE8DAF-EBB2-4761-8E45-B71ABCCA8C68}.Debug|x86.Build.0 = Debug|Win32
		{81CE8DAF-EBB2-4761-8E45-B71ABCCA8C68}.Release|x64.ActiveCfg = Release|x64
		{81CE8DAF-EBB2-4761-8E45-B71ABCCA8C68}.Release|x64.Build.0 = Release|x64
		{81CE8DAF-EBB2-4761-8E45-B71ABCCA8C68}.Release|x86.ActiveCfg = Release|Win32
		{81CE8DAF-EBB2-4761-8E45-B71ABCCA8C68}.Release|x86.Build.0 = Release|Win32
		{DA956FD3-E142-46F2-9DD5-C78BEBB56B7A}.Debug|x64.ActiveCfg = Debug|x64
		{DA956FD3-E142-46F2-9DD5-C78BEBB56B7A}.Debug|x64.Build.0 = Debug|x64
		{DA956FD3-E142-46F2-9DD5-C78BEBB56B7A}.Debug|x86.ActiveCfg = Debug|Win32
		{DA956FD3-E142-46F2-9DD5-C78BEBB56B7A}.Debug|x86.Build.0 = Debug|Win32
		{DA956FD3-E142-46F2-9DD5-C78BEBB56B7A}.Release|x64.ActiveCfg = Release|x64
		{DA956FD3-E142-46F2-9DD5-C78BEBB56B7A}.Release|x64.Build.0 = Release|x64
		{DA956FD3-E142-46F2-9DD5-C78BEBB56B7A}.Release|x86.ActiveCfg = Release|Win32
		{DA956FD3-E142-46F2-9DD5-C78BEBB56B7A}.Release|x86.Build.0 = Release|Win32
		{7A44F0BC-017A-4954-AC15-4B357471983C}.Debug|x64.ActiveCfg = Debug|x64
		{7A44F0BC-017A-4954-AC15-4B357471983C}.Debug|x64.Build.0 = Debug|x64
		{7A44F0BC-017A-4954-AC15-4B357471983C}.Debug|x86.ActiveCfg = Debug|Win32
		{7A44F0BC-017A-4954-AC15-4B357471983C}.Debug|x86.Build.0 = Debug|Win32
		{7A44F0BC-017A-4954-AC15-4B357471983C}.Release|x64.ActiveCfg = Release|Win32
		{7A44F0BC-017A-4954-AC15-4B357471983C}.Release|x86.ActiveCfg = Release|Win32
		{7A44F0BC-017A-4954-AC15-4B357471983C}.Release|x86.Build.0 = Release|Win32
		{615FF2A0-5F99-4B6A-B3DE-2D52C773A9A9}.Debug|x64.ActiveCfg = Debug|x64
		{615FF2A0-5F99-4B6A-B3DE-2D52C773A9A9}.Debug|x64.Build.0 = Debug|x64
		{615FF2A0-5F99-4B6A-B3DE-2D52C773A9A9}.Debug|x86.ActiveCfg = Debug|Win32
		{615FF2A0-5F99-4B6A-B3DE-2D52C773A9A9}.Debug|x86.Build.0 = Debug|Win32
		{615FF2A0-5F99-4B6A-B3DE-2D52C773A9A9}.Release|x64.ActiveCfg = Release|Win32
		{615FF2A0-5F99-4B6A-B3DE-2D52C773A9A9}.Release|x86.ActiveCfg = Release|Win32
		{615FF2A0-5F99-4B6A-B3DE-2D52C773A9A9}.Release|x86.Build.0 = Release|Win32
		{3A838EE6-19C4-4687-B7E4-06D574F4A7E8}.Debug|x64.ActiveCfg = Debug|x64
		{3A838EE6-19C4-4687-B7E4-06D574F4A7E8}.Debug|x64.Build.0 = Debug|x64
		{3A838EE6-19C4-4687-B7E4-06D574F4A7E8}.Debug|x86.ActiveCfg = Debug|Win32
		{3A838EE6-19C4-4687-B7E4-06D574F4A7E8}.Debug|x86.Build.0 = Debug|Win32
		{3A838EE6-19C4-4687-B7E4-06D574F4A7E8}.Release|x64.ActiveCfg = Release|Win32
		{3A838EE6-19C4-4687-B7E4-06D574F4A7E8}.Release|x86.ActiveCfg = Release|Win32
		{3A838EE6-19C4-4687-B7E4-06D574F4A7E8}.Release|x86.Build.0 = Release|Win32
		{10FC59C2-4E33-4135-A93B-6F89122293ED}.Debug|x64.ActiveCfg = Debug|x64
		{10FC59C2-4E33-4135-A93B-6F89122293ED}.Debug|x64.Build.0 = Debug|x64
		{10FC59C2-4E33-4135-A93B-6F89122293ED}.Debug|x86.ActiveCfg = Debug|Win32
		{10FC59C2-4E33-4135-A93B-6F89122293ED}.Debug|x86.Build.0 = Debug|Win32
		{10FC59C2-4E33-4135-A93B-6F89122293ED}.Release|x64.ActiveCfg = Release|Win32
		{10FC59C2-4E33-4135-A93B-6F89122293ED}.Release|x86.ActiveCfg = Release|Win32
		{10FC59C2-4E33-4135-A93B-6F89122293ED}.Release|x86.Build.0 = Release|Win32
		{8606C81C-4646-4FFF-9B83-20E7F75AE85F}.Debug|x64.ActiveCfg = Debug|x64
		{8606C81C-4646-4FFF-9B83-20E7F75AE85F}.Debug|x64.Build.0 = Debug|x64
		{8606C81C-4646-4FFF-9B83-20E7F75AE85F}.Debug|x86.ActiveCfg = Debug|x64
		{8606C81C-4646-4FFF-9B83-20E7F75AE85F}.Release|x64.ActiveCfg = Release|x64
		{8606C81C-4646-4FFF-9B83-20E7F75AE85F}.Release|x64.Build.0 = Release|x64
		{8606C81C-4646-4FFF-9B83-20E7F75AE85F}.Release|x86.ActiveCfg = Release|x64
		{F1C5574E-6A8C-42FB-BBF0-6AAB04230C42}.Debug|x64.ActiveCfg = Debug|x64
		{F1C5574E-6A8C-42FB-BBF0-6AAB04230C42}.Debug|x64.Build.0 = Debug|x64
		{F1C5574E-6A8C-42FB-BBF0-6AAB04230C42}.Debug|x86.ActiveCfg = Debug|Win32
		{F1C5574E-6A8C-42FB-BBF0-6AAB04230C42}.Debug|x86.Build.0 = Debug|Win32
		{F1C5574E-6A8C-42FB-BBF0-6AAB04230C42}.Release|x64.ActiveCfg = Release|Win32
		{F1C5574E-6A8C-42FB-BBF0-6AAB04230C42}.Release|x86.ActiveCfg = Release|Win32
		{F1C5574E-6A8C-42FB-BBF0-6AAB04230C42}.Release|x86.Build.0 = Release|Win32
		{46B706DD-17FB-4457-92E7-2DDA1878FC9A}.Debug|x64.ActiveCfg = Debug|x64
		{46B706DD-17FB-4457-92E7-2DDA1878FC9A}.Debug|x64.Build.0 = Debug|x64
		{46B706DD-17FB-4457-92E7-2DDA1878FC9A}.Debug|x86.ActiveCfg = Debug|Win32
		{46B706DD-17FB-4457-92E7-2DDA1878FC9A}.Debug|x86.Build.0 = Debug|Win32
		{46B706DD-17FB-4457-92E7-2DDA1878FC9A}.Release|x64.ActiveCfg = Release|Win32
		{46B706DD-17FB-4457-92E7-2DDA1878FC9A}.Release|x86.ActiveCfg = Release|Win32
		{46B706DD-17FB-4457-92E7-2DDA1878FC9A}.Release|x86.Build.0 = Release|Win32
		{CA716EDE-0239-4856-B247-8236B85635FA}.Debug|x64.ActiveCfg = Debug|x64
		{CA716EDE-0239-4856-B247-8236B85635FA}.Debug|x64.Build.0 = Debug|x64
		{CA716EDE-0239-4856-B247-8236B85635FA}.Debug|x86.ActiveCfg = Debug|Win32
		{CA716EDE-0239-4856-B247-8236B85635FA}.Debug|x86.Build.0 = Debug|Win32
		{CA716EDE-0239-4856-B247-8236B85635FA}.Release|x64.ActiveCfg = Release|Win32
		{CA716EDE-0239-4856-B247-8236B85635FA}.Release|x86.ActiveCfg = Release|Win32
		{CA716EDE-0239-4856-B247-8236B85635FA}.Release|x86.Build.0 = Release|Win32
		{732EE2F1-689C-43BB-B0A7-17F44AE5E056}.Debug|x64.ActiveCfg = Debug|x64
		{732EE2F1-689C-43BB-B0A7-17F44AE5E056}.Debug|x64.Build.0 = Debug|x64
		{732EE2F1-689C-43BB-B0A7-17F44AE5E056}.Debug|x86.ActiveCfg = Debug|Win32
		{732EE2F1-689C-43BB-B0A7-17F44AE5E056}.Debug|x86.Build.0 = Debug|Win32
		{732EE2F1-689C-43BB-B0A7-17F44AE5E056}.Release|x64.ActiveCfg = Release|Win32
		{732EE2F1-689C-43BB-B0A7-17F44AE5E056}.Release|x86.ActiveCfg = Release|Win32
		{732EE2F1-689C-43BB-B0A7-17F44AE5E056}.Release|x86.Build.0 = Release|Win32
		{7F4BAC8A-5B6C-4120-B1B4-8772C5022352}.Debug|x64.ActiveCfg = Debug|x64
		{7F4BAC8A-5B6C-4120-B1B4-8772C5022352}.Debug|x64.Build.0 = Debug|x64
		{7F4BAC8A-5B6C-4120-B1B4-8772C5022352}.Debug|x86.ActiveCfg = Debug|Win32
		{7F4BAC8A-5B6C-4120-B1B4-8772C5022352}.Debug|x86.Build.0 = Debug|Win32
		{7F4BAC8A-5B6C-4120-B1B4-8772C5022352}.Release|x64.ActiveCfg = Release|Win32
		{7F4BAC8A-5B6C-4120-B1B4-8772C5022352}.Release|x86.ActiveCfg = Release|Win32
		{7F4BAC8A-5B6C-4120-B1B4-8772C5022352}.Release|x86.Build.0 = Release|Win32
		{92849309-7AA6-401E-8288-7FAFABA3C929}.Debug|x64.ActiveCfg = Debug|x64
		{92849309-7AA6-401E-8288-7FAFABA3C929}.Debug|x64.Build.0 = Debug|x64
		{92849309-7AA6-401E-8288-7FAFABA3C929}.Debug|x86.ActiveCfg = Debug|Win32
		{92849309-7AA6-401E-8288-7FAFABA3C929}.Debug|x86.Build.0 = Debug|Win32
		{92849309-7AA6-401E-8288-7FAFABA3C929}.Release|x64.ActiveCfg = Release|Win32
		{92849309-7AA6-401E-8288-7FAFABA3C929}.Release|x86.ActiveCfg = Release|Win32
		{92849309-7AA6-401E-8288-7FAFABA3C929}.Release|x86.Build.0 = Release|Win32
		{61BA0901-09CC-45C4-B009-983765A2D28C}.Debug|x64.ActiveCfg = Debug|x64
		{61BA0901-09CC-45C4-B009-983765A2D28C}.Debug|x64.Build.0 = Debug|x64
		{61BA0901-09CC-45C4-B009-983765A2D28C}.Debug|x86.ActiveCfg = Debug|Win32
		{61BA0901-09CC-45C4-B009-983765A2D28C}.Debug|x86.Build.0 = Debug|Win32
		{61BA0901-09CC-45C4-B009-983765A2D28C}.Release|x64.ActiveCfg = Release|Win32
		{61BA0901-09CC-45C4-B009-983765A2D28C}.Release|x86.ActiveCfg = Release|Win32
		{61BA0901-09CC-45C4-B009-983765A2D28C}.Release|x86.Build.0 = Release|Win32
		{7D9E7473-F52F-4E9A-A480-ED498907C9EA}.Debug|x64.ActiveCfg = Debug|x64
		{7D9E7473-F52F-4E9A-A480-ED498907C9EA}.Debug|x64.Build.0 = Debug|x64
		{7D9E7473-F52F-4E9A-A480-ED498907C9EA}.Debug|x86.ActiveCfg = Debug|Win32
		{7D9E7473-F52F-4E9A-A480-ED498907C9EA}.Debug|x86.Build.0 = Debug|Win32
		{7D9E7473-F52F-4E9A-A480-ED498907C9EA}.Release|x64.ActiveCfg = Release|Win32
		{7D9E7473-F52F-4E9A-A480-ED498907C9EA}.Release|x86.ActiveCfg = Release|Win32
		{7D9E7473-F52F-4E9A-A480-ED498907C9EA}.Release|x86.Build.0 = Release|Win32
		{EF9168DD-5051-4B1C-9C6E-F3B386669C34}.Debug|x64.ActiveCfg = Debug|x64
		{EF9168DD-5051-4B1C-9C6E-F3B386669C34}.Debug|x64.Build.0 = Debug|x64
		{EF9168DD-5051-4B1C-9C6E-F3B386669C34}.Debug|x86.ActiveCfg = Debug|Win32
		{EF9168DD-5051-4B1C-9C6E-F3B386669C34}.Debug|x86.Build.0 = Debug|Win32
		{EF9168DD-5051-4B1C-9C6E-F3B386669C34}.Release|x64.ActiveCfg = Release|Win32
		{EF9168DD-5051-4B1C-9C6E-F3B386669C34}.Release|x86.ActiveCfg = Release|Win32
		{EF9168DD-5051-4B1C-9C6E-F3B386669C34}.Release|x86.Build.0 = Release|Win32
		{8988EB2B-08BE-4350-9F41-55B091D271B9}.Debug|x64.ActiveCfg = Debug|x64
		{8988EB2B-08BE-4350-9F41-55B091D271B9}.Debug|x64.Build.0 = Debug|x64
		{8988EB2B-08BE-4350-9F41-55B091D271B9}.Debug|x86.ActiveCfg = Debug|x64
		{8988EB2B-08BE-4350-9F41-55B091D271B9}.Release|x64.ActiveCfg = Release|x64
		{8988EB2B-08BE-4350-9F41-55B091D271B9}.Release|x64.Build.0 = Release|x64
		{8988EB2B-08BE-4350-9F41-55B091D271B9}.Release|x86.ActiveCfg = Release|x64
		{D2E341F7-C9C3-48D9-A6FA-72D51DF9DD2F}.Debug|x64.ActiveCfg = Debug|x64
		{D2E341F7-C9C3-48D9-A6FA-72D51DF9DD2F}.Debug|x64.Build.0 = Debug|x64
		{D2E341F7-C9C3-48D9-A6FA-72D51DF9DD2F}.Debug|x86.ActiveCfg = Debug|Win32
		{D2E341F7-C9C3-48D9-A6FA-72D51DF9DD2F}.Debug|x86.Build.0 = Debug|Win32
		{D2E341F7-C9C3-48D9-A6FA-72D51DF9DD2F}.Release|x64.ActiveCfg = Release|Win32
		{D2E341F7-C9C3-48D9-A6FA-72D51DF9DD2F}.Release|x86.ActiveCfg = Release|Win32
		{D2E341F7-C9C3-48D9-A6FA-72D51DF9DD2F}.Release|x86.Build.0 = Release|Win32
		{F3F25B49-2C6B-4FF0-98FB-47695DF70B8A}.Debug|x64.ActiveCfg = Debug|x64
		{F3F25B49-2C6B-4FF0-98FB-47695DF70B8A}.Debug|x64.Build.0 = Debug|x64
		{F3F25B49-2C6B-4FF0-98FB-47695DF70B8A}.Debug|x86.ActiveCfg = Debug|Win32
		{F3F25B49-2C6B-4FF0-98FB-47695DF70B8A}.Debug|x86.Build.0 = Debug|Win32
		{F3F25B49-2C6B-4FF0-98FB-47695DF70B8A}.Release|x64.ActiveCfg = Release|Win32
		{F3F25B49-2C6B-4FF0-98FB-47695DF70B8A}.Release|x86.ActiveCfg = Release|Win32
		{F3F25B49-2C6B-4FF0-98FB-47695DF70B8A}.Release|x86.Build.0 = Release|Win32
		{B39ED2B3-D53A-4077-B957-930979A3577D}.Debug|x64.ActiveCfg = Debug|x64
		{B39ED2B3-D53A-4077-B957-930979A3577D}.Debug|x64.Build.0 = Debug|x64
		{B39ED2B3-D53A-4077-B957-930979A3577D}.Debug|x86.ActiveCfg = Debug|Win32
		{B39ED2B3-D53A-4077-B957-930979A3577D}.Debug|x86.Build.0 = Debug|Win32
		{B39ED2B3-D53A-4077-B957-930979A3577D}.Release|x64.ActiveCfg = Release|x64
		{B39ED2B3-D53A-4077-B957-930979A3577D}.Release|x64.Build.0 = Release|x64
		{B39ED2B3-D53A-4077-B957-930979A3577D}.Release|x86.ActiveCfg = Release|Win32
		{B39ED2B3-D53A-4077-B957-930979A3577D}.Release|x86.Build.0 = Release|Win32
		{5E1D4E5F-E10C-4BA3-B663-F33014FD21D9}.Debug|x64.ActiveCfg = Debug|x64
		{5E1D4E5F-E10C-4BA3-B663-F33014FD21D9}.Debug|x64.Build.0 = Debug|x64
		{5E1D4E5F-E10C-4BA3-B663-F33014FD21D9}.Debug|x86.ActiveCfg = Debug|Win32
		{5E1D4E5F-E10C-4BA3-B663-F33014FD21D9}.Debug|x86.Build.0 = Debug|Win32
		{5E1D4E5F-E10C-4BA3-B663-F33014FD21D9}.Release|x64.ActiveCfg = Release|x64
		{5E1D4E5F-E10C-4BA3-B663-F33014FD21D9}.Release|x64.Build.0 = Release|x64
		{5E1D4E5F-E10C-4BA3-B663-F33014FD21D9}.Release|x86.ActiveCfg = Release|Win32
		{5E1D4E5F-E10C-4BA3-B663-F33014FD21D9}.Release|x86.Build.0 = Release|Win32
		{9E219DF2-315D-478E-8A07-8960C377CE1E}.Debug|x64.ActiveCfg = Debug|x64
		{9E219DF2-315D-478E-8A07-8960C377CE1E}.Debug|x64.Build.0 = Debug|x64
		{9E219DF2-315D-478E-8A07-8960C377CE1E}.Debug|x86.ActiveCfg = Debug|Win32
		{9E219DF2-315D-478E-8A07-8960C377CE1E}.Debug|x86.Build.0 = Debug|Win32
		{9E219DF2-315D-478E-8A07-8960C377CE1E}.Release|x64.ActiveCfg = Release|x64
		{9E219DF2-315D-478E-8A07-8960C377CE1E}.Release|x64.Build.0 = Release|x64
		{9E219DF2-315D-478E-8A07-8960C377CE1E}.Release|x86.ActiveCfg = Release|Win32
		{9E219DF2-315D-478E-8A07-8960C377CE1E}.Release|x86.Build.0 = Release|Win32
		{244455E0-5F25-4451-9540-F317883E52A8}.Debug|x64.ActiveCfg = Debug|x64
		{244455E0-5F25-4451-9540-F317883E52A8}.Debug|x64.Build.0 = Debug|x64
		{244455E0-5F25-4451-9540-F317883E52A8}.Debug|x86.ActiveCfg = Debug|Win32
		{244455E0-5F25-4451-9540-F317883E52A8}.Debug|x86.Build.0 = Debug|Win32
		{244455E0-5F25-4451-9540-F317883E52A8}.Release|x64.ActiveCfg = Release|x64
		{244455E0-5F25-4451-9540-F317883E52A8}.Release|x64.Build.0 = Release|x64
		{244455E0-5F25-4451-9540-F317883E52A8}.Release|x86.ActiveCfg = Release|Win32
		{244455E0-5F25-4451-9540-F317883E52A8}.Release|x86.Build.0 = Release|Win32
		{E3536C28-A7F1-4B53-8E52-7D2232F9E098}.Debug|x64.ActiveCfg = Debug|x64
		{E3536C28-A7F1-4B53-8E52-7D2232F9E098}.Debug|x64.Build.0 = Debug|x64
		{E3536C28-A7F1-4B53-8E52-7D2232F9E098}.Debug|x86.ActiveCfg = Debug|Win32
		{E3536C28-A7F1-4B53-8E52-7D2232F9E098}.Debug|x86.Build.0 = Debug|Win32
		{E3536C28-A7F1-4B53-8E52-7D2232F9E098}.Release|x64.ActiveCfg = Release|x64
		{E3536C28-A7F1-4B53-8E52-7D2232F9E098}.Release|x64.Build.0 = Release|x64
		{E3536C28-A7F1-4B53-8E52-7D2232F9E098}.Release|x86.ActiveCfg = Release|Win32
		{E3536C28-A7F1-4B53-8E52-7D2232F9E098}.Release|x86.Build.0 = Release|Win32
		{7DB10B50-CE00-4D7A-B322-6824F05D2FCB}.Debug|x64.ActiveCfg = Debug|x64
		{7DB10B50-CE00-4D7A-B322-6824F05D2FCB}.Debug|x64.Build.0 = Debug|x64
		{7DB10B50-CE00-4D7A-B322-6824F05D2FCB}.Debug|x86.ActiveCfg = Debug|Win32
		{7DB10B50-CE00-4D7A-B322-6824F05D2FCB}.Debug|x86.Build.0 = Debug|Win32
		{7DB10B50-CE00-4D7A-B322-6824F05D2FCB}.Release|x64.ActiveCfg = Release|x64
		{7DB10B50-CE00-4D7A-B322-6824F05D2FCB}.Release|x64.Build.0 = Release|x64
		{7DB10B50-CE00-4D7A-B322-6824F05D2FCB}.Release|x86.ActiveCfg = Release|Win32
		{7DB10B50-CE00-4D7A-B322-6824F05D2FCB}.Release|x86.Build.0 = Release|Win32
		{07F662C1-1323-42AB-B6AF-FBFD34A7437A}.Debug|x64.ActiveCfg = Debug|x64
		{07F662C1-1323-42AB-B6AF-FBFD34A7437A}.Debug|x64.Build.0 = Debug|x64
		{07F662C1-1323-42AB-B6AF-FBFD34A7437A}.Debug|x86.ActiveCfg = Debug|Win32
		{07F662C1-1323-42AB-B6AF-FBFD34A7437A}.Debug|x86.Build.0 = Debug|Win32
		{07F662C1-1323-42AB-B6AF-FBFD34A7437A}.Release|x64.ActiveCfg = Release|x64
		{07F662C1-1323-42AB-B6AF-FBFD34A7437A}.Release|x64.Build.0 = Release|x64
		{07F662C1-1323-42AB-B6AF-FBFD34A7437A}.Release|x86.ActiveCfg = Release|Win32
		{07F662C1-1323-42AB-B6AF-FBFD34A7437A}.Release|x86.Build.0 = Release|Win32
		{EC085CBD-E9C3-477F-9A97-CB9D5DA30E27}.Debug|x64.ActiveCfg = Debug|x64
		{EC085CBD-E9C3-477F-9A97-CB9D5DA30E27}.Debug|x64.Build.0 = Debug|x64
		{EC085CBD-E9C3-477F-9A97-CB9D5DA30E27}.Debug|x86.ActiveCfg = Debug|Win32
		{EC085CBD-E9C3-477F-9A97-CB9D5DA30E27}.Debug|x86.Build.0 = Debug|Win32
		{EC085CBD-E9C3-477F-9A97-CB9D5DA30E27}.Release|x64.ActiveCfg = Release|x64
		{EC085CBD-E9C3-477F-9A97-CB9D5DA30E27}.Release|x64.Build.0 = Release|x64
		{EC085CBD-E9C3-477F-9A97-CB9D5DA30E27}.Release|x86.ActiveCfg = Release|Win32
		{EC085CBD-E9C3-477F-9A97-CB9D5DA30E27}.Release|x86.Build.0 = Release|Win32
		{097D9F6C-FD0E-4CBC-9676-009012AAECA8}.Debug|x64.ActiveCfg = Debug|x64
		{097D9F6C-FD0E-4CBC-9676-009012AAECA8}.Debug|x64.Build.0 = Debug|x64
		{097D9F6C-FD0E-4CBC-9676-009012AAECA8}.Debug|x86.ActiveCfg = Debug|Win32
		{097D9F6C-FD0E-4CBC-9676-009012AAECA8}.Debug|x86.Build.0 = Debug|Win32
		{097D9F6C-FD0E-4CBC-9676-009012AAECA8}.Release|x64.ActiveCfg = Release|x64
		{097D9F6C-FD0E-4CBC-9676-009012AAECA8}.Release|x64.Build.0 = Release|x64
		{097D9F6C-FD0E-4CBC-9676-009012AAECA8}.Release|x86.ActiveCfg = Release|Win32
		{097D9F6C-FD0E-4CBC-9676-009012AAECA8}.Release|x86.Build.0 = Release|Win32
		{17A4874B-0606-4687-90B6-F91F8CB3B8AF}.Debug|x64.ActiveCfg = Debug|x64
		{17A4874B-0606-4687-90B6-F91F8CB3B8AF}.Debug|x64.Build.0 = Debug|x64
		{17A4874B-0606-4687-90B6-F91F8CB3B8AF}.Debug|x86.ActiveCfg = Debug|Win32
		{17A4874B-0606-4687-90B6-F91F8CB3B8AF}.Debug|x86.Build.0 = Debug|Win32
		{17A4874B-0606-4687-90B6-F91F8CB3B8AF}.Release|x64.ActiveCfg = Release|x64
		{17A4874B-0606-4687-90B6-F91F8CB3B8AF}.Release|x64.Build.0 = Release|x64
		{17A4874B-0606-4687-90B6-F91F8CB3B8AF}.Release|x86.ActiveCfg = Release|Win32
		{17A4874B-0606-4687-90B6-F91F8CB3B8AF}.Release|x86.Build.0 = Release|Win32
		{33134F61-C1AD-4B6F-9CEA-503A9F140C52}.Debug|x64.ActiveCfg = Debug|x64
		{33134F61-C1AD-4B6F-9CEA-503A9F140C52}.Debug|x64.Build.0 = Debug|x64
		{33134F61-C1AD-4B6F-9CEA-503A9F140C52}.Debug|x86.ActiveCfg = Debug|Win32
		{33134F61-C1AD-4B6F-9CEA-503A9F140C52}.Debug|x86.Build.0 = Debug|Win32
		{33134F61-C1AD-4B6F-9CEA-503A9F140C52}.Release|x64.ActiveCfg = Release|x64
		{33134F61-C1AD-4B6F-9CEA-503A9F140C52}.Release|x64.Build.0 = Release|x64
		{33134F61-C1AD-4B6F-9CEA-503A9F140C52}.Release|x86.ActiveCfg = Release|Win32
		{33134F61-C1AD-4B6F-9CEA-503A9F140C52}.Release|x86.Build.0 = Release|Win32
	EndGlobalSection
	GlobalSection(SolutionProperties) = preSolution
		HideSolutionNode = FALSE
	EndGlobalSection
	GlobalSection(NestedProjects) = preSolution
		{7A44F0BC-017A-4954-AC15-4B357471983C} = {52A3D16B-ED61-40D4-8804-C241B45F0B10}
		{615FF2A0-5F99-4B6A-B3DE-2D52C773A9A9} = {52A3D16B-ED61-40D4-8804-C241B45F0B10}
		{3A838EE6-19C4-4687-B7E4-06D574F4A7E8} = {52A3D16B-ED61-40D4-8804-C241B45F0B10}
		{10FC59C2-4E33-4135-A93B-6F89122293ED} = {52A3D16B-ED61-40D4-8804-C241B45F0B10}
		{8606C81C-4646-4FFF-9B83-20E7F75AE85F} = {52A3D16B-ED61-40D4-8804-C241B45F0B10}
		{F1C5574E-6A8C-42FB-BBF0-6AAB04230C42} = {52A3D16B-ED61-40D4-8804-C241B45F0B10}
		{46B706DD-17FB-4457-92E7-2DDA1878FC9A} = {52A3D16B-ED61-40D4-8804-C241B45F0B10}
		{CA716EDE-0239-4856-B247-8236B85635FA} = {52A3D16B-ED61-40D4-8804-C241B45F0B10}
		{732EE2F1-689C-43BB-B0A7-17F44AE5E056} = {52A3D16B-ED61-40D4-8804-C241B45F0B10}
		{7F4BAC8A-5B6C-4120-B1B4-8772C5022352} = {52A3D16B-ED61-40D4-8804-C241B45F0B10}
		{92849309-7AA6-401E-8288-7FAFABA3C929} = {52A3D16B-ED61-40D4-8804-C241B45F0B10}
		{61BA0901-09CC-45C4-B009-983765A2D28C} = {52A3D16B-ED61-40D4-8804-C241B45F0B10}
		{7D9E7473-F52F-4E9A-A480-ED498907C9EA} = {52A3D16B-ED61-40D4-8804-C241B45F0B10}
		{EF9168DD-5051-4B1C-9C6E-F3B386669C34} = {52A3D16B-ED61-40D4-8804-C241B45F0B10}
		{8988EB2B-08BE-4350-9F41-55B091D271B9} = {52A3D16B-ED61-40D4-8804-C241B45F0B10}
		{D2E341F7-C9C3-48D9-A6FA-72D51DF9DD2F} = {52A3D16B-ED61-40D4-8804-C241B45F0B10}
		{B39ED2B3-D53A-4077-B957-930979A3577D} = {8460DEA2-6B48-478B-922A-FD47BCDAF5EA}
		{5E1D4E5F-E10C-4BA3-B663-F33014FD21D9} = {8460DEA2-6B48-478B-922A-FD47BCDAF5EA}
		{9E219DF2-315D-478E-8A07-8960C377CE1E} = {8460DEA2-6B48-478B-922A-FD47BCDAF5EA}
		{244455E0-5F25-4451-9540-F317883E52A8} = {8460DEA2-6B48-478B-922A-FD47BCDAF5EA}
		{E3536C28-A7F1-4B53-8E52-7D2232F9E098} = {8460DEA2-6B48-478B-922A-FD47BCDAF5EA}
		{7DB10B50-CE00-4D7A-B322-6824F05D2FCB} = {8460DEA2-6B48-478B-922A-FD47BCDAF5EA}
		{07F662C1-1323-42AB-B6AF-FBFD34A7437A} = {8460DEA2-6B48-478B-922A-FD47BCDAF5EA}
		{EC085CBD-E9C3-477F-9A97-CB9D5DA30E27} = {8460DEA2-6B48-478B-922A-FD47BCDAF5EA}
		{097D9F6C-FD0E-4CBC-9676-009012AAECA8} = {8460DEA2-6B48-478B-922A-FD47BCDAF5EA}
		{17A4874B-0606-4687-90B6-F91F8CB3B8AF} = {8460DEA2-6B48-478B-922A-FD47BCDAF5EA}
		{33134F61-C1AD-4B6F-9CEA-503A9F140C52} = {8460DEA2-6B48-478B-922A-FD47BCDAF5EA}
	EndGlobalSection
	GlobalSection(ExtensibilityGlobals) = postSolution
		SolutionGuid = {0D9DB0BD-798E-4276-BDD2-8C747C54E3DC}
	EndGlobalSection
EndGlobal
