<?xml version="1.0" encoding="utf-8"?>
<Project ToolsVersion="4.0" xmlns="http://schemas.microsoft.com/developer/msbuild/2003">
  <ItemGroup>
    <ClCompile Include="..\Source\Main.cpp" />
    <ClCompile Include="..\Source\Camera.cpp" />
    <ClCompile Include="..\Source\Mesh.cpp" />
    <ClCompile Include="..\Source\Lights.cpp" />
  </ItemGroup>
  <ItemGroup>
    <Filter Include="Assets">
      <UniqueIdentifier>{dcf658a8-c693-4a06-bb40-ebd90fb1bee8}</UniqueIdentifier>
    </Filter>
  </ItemGroup>
  <ItemGroup>
    <None Include="..\..\..\projects\Sauce3D.ruleset" />
    <None Include="..\Assets\Phong.frag">
      <Filter>Assets</Filter>
    </None>
    <None Include="..\Assets\Phong.vert">
      <Filter>Assets</Filter>
    </None>
  </ItemGroup>
  <ItemGroup>
    <ClInclude Include="..\Source\Camera.h" />
    <ClInclude Include="..\Source\Mesh.h" />
    <ClInclude Include="..\Source\tiny_obj_loader.h" />
    <ClInclude Include="..\Source\Lights.h" />
  </ItemGroup>
</Project>